
Microsoft Visual Studio Solution File, Format Version 12.00
# Visual Studio 15
VisualStudioVersion = 15.0.26403.0
MinimumVisualStudioVersion = 10.0.40219.1
Project("{FAE04EC0-301F-11D3-BF4B-00C04F79EFBC}") = "SampleMobileAzure.Android", "SampleMobileAzure\SampleMobileAzure.Android\SampleMobileAzure.Android.csproj", "{9AC30333-A515-4911-BC39-71F9E0676B2E}"
EndProject
Project("{FAE04EC0-301F-11D3-BF4B-00C04F79EFBC}") = "SampleMobileAzure", "SampleMobileAzure\SampleMobileAzure\SampleMobileAzure.csproj", "{28006CBA-0492-49EF-9521-5AB671E50CCF}"
EndProject
Project("{FAE04EC0-301F-11D3-BF4B-00C04F79EFBC}") = "SampleMobileAzure.iOS", "SampleMobileAzure\SampleMobileAzure.iOS\SampleMobileAzure.iOS.csproj", "{CD39ECCF-118F-4B63-9C01-6C9517D863DA}"
EndProject
Global
	GlobalSection(SolutionConfigurationPlatforms) = preSolution
		Ad-Hoc|Any CPU = Ad-Hoc|Any CPU
		Ad-Hoc|iPhone = Ad-Hoc|iPhone
		Ad-Hoc|iPhoneSimulator = Ad-Hoc|iPhoneSimulator
		AppStore|Any CPU = AppStore|Any CPU
		AppStore|iPhone = AppStore|iPhone
		AppStore|iPhoneSimulator = AppStore|iPhoneSimulator
		Debug|Any CPU = Debug|Any CPU
		Debug|iPhone = Debug|iPhone
		Debug|iPhoneSimulator = Debug|iPhoneSimulator
		Release|Any CPU = Release|Any CPU
		Release|iPhone = Release|iPhone
		Release|iPhoneSimulator = Release|iPhoneSimulator
	EndGlobalSection
	GlobalSection(ProjectConfigurationPlatforms) = postSolution
		{9AC30333-A515-4911-BC39-71F9E0676B2E}.Ad-Hoc|Any CPU.ActiveCfg = Release|Any CPU
		{9AC30333-A515-4911-BC39-71F9E0676B2E}.Ad-Hoc|Any CPU.Build.0 = Release|Any CPU
		{9AC30333-A515-4911-BC39-71F9E0676B2E}.Ad-Hoc|Any CPU.Deploy.0 = Release|Any CPU
		{9AC30333-A515-4911-BC39-71F9E0676B2E}.Ad-Hoc|iPhone.ActiveCfg = Release|Any CPU
		{9AC30333-A515-4911-BC39-71F9E0676B2E}.Ad-Hoc|iPhone.Build.0 = Release|Any CPU
		{9AC30333-A515-4911-BC39-71F9E0676B2E}.Ad-Hoc|iPhone.Deploy.0 = Release|Any CPU
		{9AC30333-A515-4911-BC39-71F9E0676B2E}.Ad-Hoc|iPhoneSimulator.ActiveCfg = Release|Any CPU
		{9AC30333-A515-4911-BC39-71F9E0676B2E}.Ad-Hoc|iPhoneSimulator.Build.0 = Release|Any CPU
		{9AC30333-A515-4911-BC39-71F9E0676B2E}.Ad-Hoc|iPhoneSimulator.Deploy.0 = Release|Any CPU
		{9AC30333-A515-4911-BC39-71F9E0676B2E}.AppStore|Any CPU.ActiveCfg = Release|Any CPU
		{9AC30333-A515-4911-BC39-71F9E0676B2E}.AppStore|Any CPU.Build.0 = Release|Any CPU
		{9AC30333-A515-4911-BC39-71F9E0676B2E}.AppStore|Any CPU.Deploy.0 = Release|Any CPU
		{9AC30333-A515-4911-BC39-71F9E0676B2E}.AppStore|iPhone.ActiveCfg = Release|Any CPU
		{9AC30333-A515-4911-BC39-71F9E0676B2E}.AppStore|iPhone.Build.0 = Release|Any CPU
		{9AC30333-A515-4911-BC39-71F9E0676B2E}.AppStore|iPhone.Deploy.0 = Release|Any CPU
		{9AC30333-A515-4911-BC39-71F9E0676B2E}.AppStore|iPhoneSimulator.ActiveCfg = Release|Any CPU
		{9AC30333-A515-4911-BC39-71F9E0676B2E}.AppStore|iPhoneSimulator.Build.0 = Release|Any CPU
		{9AC30333-A515-4911-BC39-71F9E0676B2E}.AppStore|iPhoneSimulator.Deploy.0 = Release|Any CPU
		{9AC30333-A515-4911-BC39-71F9E0676B2E}.Debug|Any CPU.ActiveCfg = Debug|Any CPU
		{9AC30333-A515-4911-BC39-71F9E0676B2E}.Debug|Any CPU.Build.0 = Debug|Any CPU
		{9AC30333-A515-4911-BC39-71F9E0676B2E}.Debug|Any CPU.Deploy.0 = Debug|Any CPU
		{9AC30333-A515-4911-BC39-71F9E0676B2E}.Debug|iPhone.ActiveCfg = Debug|Any CPU
		{9AC30333-A515-4911-BC39-71F9E0676B2E}.Debug|iPhone.Build.0 = Debug|Any CPU
		{9AC30333-A515-4911-BC39-71F9E0676B2E}.Debug|iPhone.Deploy.0 = Debug|Any CPU
		{9AC30333-A515-4911-BC39-71F9E0676B2E}.Debug|iPhoneSimulator.ActiveCfg = Debug|Any CPU
		{9AC30333-A515-4911-BC39-71F9E0676B2E}.Debug|iPhoneSimulator.Build.0 = Debug|Any CPU
		{9AC30333-A515-4911-BC39-71F9E0676B2E}.Debug|iPhoneSimulator.Deploy.0 = Debug|Any CPU
		{9AC30333-A515-4911-BC39-71F9E0676B2E}.Release|Any CPU.ActiveCfg = Release|Any CPU
		{9AC30333-A515-4911-BC39-71F9E0676B2E}.Release|Any CPU.Build.0 = Release|Any CPU
		{9AC30333-A515-4911-BC39-71F9E0676B2E}.Release|Any CPU.Deploy.0 = Release|Any CPU
		{9AC30333-A515-4911-BC39-71F9E0676B2E}.Release|iPhone.ActiveCfg = Release|Any CPU
		{9AC30333-A515-4911-BC39-71F9E0676B2E}.Release|iPhone.Build.0 = Release|Any CPU
		{9AC30333-A515-4911-BC39-71F9E0676B2E}.Release|iPhone.Deploy.0 = Release|Any CPU
		{9AC30333-A515-4911-BC39-71F9E0676B2E}.Release|iPhoneSimulator.ActiveCfg = Release|Any CPU
		{9AC30333-A515-4911-BC39-71F9E0676B2E}.Release|iPhoneSimulator.Build.0 = Release|Any CPU
		{9AC30333-A515-4911-BC39-71F9E0676B2E}.Release|iPhoneSimulator.Deploy.0 = Release|Any CPU
		{28006CBA-0492-49EF-9521-5AB671E50CCF}.Ad-Hoc|Any CPU.ActiveCfg = Release|Any CPU
		{28006CBA-0492-49EF-9521-5AB671E50CCF}.Ad-Hoc|Any CPU.Build.0 = Release|Any CPU
		{28006CBA-0492-49EF-9521-5AB671E50CCF}.Ad-Hoc|iPhone.ActiveCfg = Release|Any CPU
		{28006CBA-0492-49EF-9521-5AB671E50CCF}.Ad-Hoc|iPhone.Build.0 = Release|Any CPU
		{28006CBA-0492-49EF-9521-5AB671E50CCF}.Ad-Hoc|iPhoneSimulator.ActiveCfg = Release|Any CPU
		{28006CBA-0492-49EF-9521-5AB671E50CCF}.Ad-Hoc|iPhoneSimulator.Build.0 = Release|Any CPU
		{28006CBA-0492-49EF-9521-5AB671E50CCF}.AppStore|Any CPU.ActiveCfg = Release|Any CPU
		{28006CBA-0492-49EF-9521-5AB671E50CCF}.AppStore|Any CPU.Build.0 = Release|Any CPU
		{28006CBA-0492-49EF-9521-5AB671E50CCF}.AppStore|iPhone.ActiveCfg = Release|Any CPU
		{28006CBA-0492-49EF-9521-5AB671E50CCF}.AppStore|iPhone.Build.0 = Release|Any CPU
		{28006CBA-0492-49EF-9521-5AB671E50CCF}.AppStore|iPhoneSimulator.ActiveCfg = Release|Any CPU
		{28006CBA-0492-49EF-9521-5AB671E50CCF}.AppStore|iPhoneSimulator.Build.0 = Release|Any CPU
		{28006CBA-0492-49EF-9521-5AB671E50CCF}.Debug|Any CPU.ActiveCfg = Debug|Any CPU
		{28006CBA-0492-49EF-9521-5AB671E50CCF}.Debug|Any CPU.Build.0 = Debug|Any CPU
		{28006CBA-0492-49EF-9521-5AB671E50CCF}.Debug|iPhone.ActiveCfg = Debug|Any CPU
		{28006CBA-0492-49EF-9521-5AB671E50CCF}.Debug|iPhone.Build.0 = Debug|Any CPU
		{28006CBA-0492-49EF-9521-5AB671E50CCF}.Debug|iPhoneSimulator.ActiveCfg = Debug|Any CPU
		{28006CBA-0492-49EF-9521-5AB671E50CCF}.Debug|iPhoneSimulator.Build.0 = Debug|Any CPU
		{28006CBA-0492-49EF-9521-5AB671E50CCF}.Release|Any CPU.ActiveCfg = Release|Any CPU
		{28006CBA-0492-49EF-9521-5AB671E50CCF}.Release|Any CPU.Build.0 = Release|Any CPU
		{28006CBA-0492-49EF-9521-5AB671E50CCF}.Release|iPhone.ActiveCfg = Release|Any CPU
		{28006CBA-0492-49EF-9521-5AB671E50CCF}.Release|iPhone.Build.0 = Release|Any CPU
		{28006CBA-0492-49EF-9521-5AB671E50CCF}.Release|iPhoneSimulator.ActiveCfg = Release|Any CPU
		{28006CBA-0492-49EF-9521-5AB671E50CCF}.Release|iPhoneSimulator.Build.0 = Release|Any CPU
		{CD39ECCF-118F-4B63-9C01-6C9517D863DA}.Ad-Hoc|Any CPU.ActiveCfg = Ad-Hoc|iPhone
		{CD39ECCF-118F-4B63-9C01-6C9517D863DA}.Ad-Hoc|iPhone.ActiveCfg = Ad-Hoc|iPhone
		{CD39ECCF-118F-4B63-9C01-6C9517D863DA}.Ad-Hoc|iPhone.Build.0 = Ad-Hoc|iPhone
		{CD39ECCF-118F-4B63-9C01-6C9517D863DA}.Ad-Hoc|iPhoneSimulator.ActiveCfg = Ad-Hoc|iPhoneSimulator
		{CD39ECCF-118F-4B63-9C01-6C9517D863DA}.Ad-Hoc|iPhoneSimulator.Build.0 = Ad-Hoc|iPhoneSimulator
		{CD39ECCF-118F-4B63-9C01-6C9517D863DA}.AppStore|Any CPU.ActiveCfg = AppStore|iPhone
		{CD39ECCF-118F-4B63-9C01-6C9517D863DA}.AppStore|iPhone.ActiveCfg = AppStore|iPhone
		{CD39ECCF-118F-4B63-9C01-6C9517D863DA}.AppStore|iPhone.Build.0 = AppStore|iPhone
		{CD39ECCF-118F-4B63-9C01-6C9517D863DA}.AppStore|iPhoneSimulator.ActiveCfg = AppStore|iPhoneSimulator
		{CD39ECCF-118F-4B63-9C01-6C9517D863DA}.AppStore|iPhoneSimulator.Build.0 = AppStore|iPhoneSimulator
		{CD39ECCF-118F-4B63-9C01-6C9517D863DA}.Debug|Any CPU.ActiveCfg = Debug|iPhone
		{CD39ECCF-118F-4B63-9C01-6C9517D863DA}.Debug|iPhone.ActiveCfg = Debug|iPhone
		{CD39ECCF-118F-4B63-9C01-6C9517D863DA}.Debug|iPhone.Build.0 = Debug|iPhone
		{CD39ECCF-118F-4B63-9C01-6C9517D863DA}.Debug|iPhoneSimulator.ActiveCfg = Debug|iPhoneSimulator
		{CD39ECCF-118F-4B63-9C01-6C9517D863DA}.Debug|iPhoneSimulator.Build.0 = Debug|iPhoneSimulator
		{CD39ECCF-118F-4B63-9C01-6C9517D863DA}.Release|Any CPU.ActiveCfg = Release|iPhone
		{CD39ECCF-118F-4B63-9C01-6C9517D863DA}.Release|iPhone.ActiveCfg = Release|iPhone
		{CD39ECCF-118F-4B63-9C01-6C9517D863DA}.Release|iPhone.Build.0 = Release|iPhone
		{CD39ECCF-118F-4B63-9C01-6C9517D863DA}.Release|iPhoneSimulator.ActiveCfg = Release|iPhoneSimulator
		{CD39ECCF-118F-4B63-9C01-6C9517D863DA}.Release|iPhoneSimulator.Build.0 = Release|iPhoneSimulator
	EndGlobalSection
	GlobalSection(SolutionProperties) = preSolution
		HideSolutionNode = FALSE
	EndGlobalSection
EndGlobal
